{
  "name": "dsh-visualizer-widget",
  "version": "0.2.0-alpha.1",
  "lockfileVersion": 3,
  "requires": true,
  "packages": {
    "": {
      "name": "dsh-visualizer-widget",
      "version": "0.2.0-alpha.1",
      "license": "MIT",
      "peerDependencies": {
        "@deepseek-ai/cordis": "*",
        "@deepseek-ai/dsh-tools": ">=0.1.7-alpha.1 <0.1.8-0",
        "@deepseek-ai/schemastery": ">=3.18.3 <4.0.0"
      }
    },
    "node_modules/@deepseek-ai/cordis": {
      "version": "4.0.3",
      "resolved": "https://registry.npmjs.org/@deepseek-ai/cordis/-/cordis-4.0.3.tgz",
      "integrity": "sha512-ka+8UVh1JDTqkrEcgkfGwquM3lsBmLDsJMNAQUgumY65tI7IIrLFSERcNfde5kF1rtSSktOJmsC9WmJLt4rd8A==",
      "license": "MIT",
      "peer": true,
      "dependencies": {
        "@deepseek-ai/cosmokit": "^1.8.4",
        "@standard-schema/spec": "^1.1.0"
      },
      "bin": {
        "cordis": "bin.js"
      },
      "peerDependencies": {
        "@deepseek-ai/cordis-plugin-include": "^1.0.8",
        "@deepseek-ai/cordis-plugin-loader": "^1.0.4"
      },
      "peerDependenciesMeta": {
        "@deepseek-ai/cordis-plugin-include": {
          "optional": true
        },
        "@deepseek-ai/cordis-plugin-loader": {
          "optional": true
        }
      }
    },
    "node_modules/@deepseek-ai/cosmokit": {
      "version": "1.8.4",
      "resolved": "https://registry.npmjs.org/@deepseek-ai/cosmokit/-/cosmokit-1.8.4.tgz",
      "integrity": "sha512-zOX7hFKtUQNY6GlZi1OCGY+bp6swWDf8aFNbCSAonVKEpEb5Tc2m3moUtNZscT7ksflIcVn+qgqYZo9QKUF+fQ==",
      "license": "MIT",
      "peer": true
    },
    "node_modules/@deepseek-ai/dsh-agent": {
      "version": "0.1.7-alpha.1",
      "resolved": "https://registry.npmjs.org/@deepseek-ai/dsh-agent/-/dsh-agent-0.1.7-alpha.1.tgz",
      "integrity": "sha512-F9OaULa9cHV5R0bf7DZakDXgb3EsOFGJy5Yl6dnuTNhPTrQOrR5255FaQj8CsogTlJuguzXo7ywuW8napJgi4Q==",
      "license": "MIT",
      "peer": true,
      "peerDependencies": {
        "@deepseek-ai/cordis": "^4.0.3",
        "@deepseek-ai/dsh-invariants": "^0.1.7-alpha.1",
        "@deepseek-ai/dsh-llm": "^0.1.7-alpha.1",
        "@deepseek-ai/dsh-scope": "^0.1.7-alpha.1",
        "@deepseek-ai/dsh-session": "^0.1.7-alpha.1",
        "@deepseek-ai/dsh-session-projection": "^0.1.7-alpha.1",
        "@deepseek-ai/dsh-system-prompt": "^0.1.7-alpha.1",
        "@deepseek-ai/dsh-typert-protocol": "^0.1.7-alpha.1",
        "@deepseek-ai/dsh-util-values": "^0.1.7-alpha.1",
        "@deepseek-ai/dsh-workspace": "^0.1.7-alpha.1"
      },
      "peerDependenciesMeta": {
        "@deepseek-ai/dsh-workspace": {
          "optional": true
        }
      }
    },
    "node_modules/@deepseek-ai/dsh-brand": {
      "version": "0.1.7-alpha.1",
      "resolved": "https://registry.npmjs.org/@deepseek-ai/dsh-brand/-/dsh-brand-0.1.7-alpha.1.tgz",
      "integrity": "sha512-fQgY3t3Cc9Kqwk3gji3/dlotuJodxjR5xeP4q42h4TkHsZ9+O7gY5SNipJwVLjZv4Vg4JdoEEpclt0I/9rskPg==",
      "license": "MIT",
      "peer": true,
      "peerDependencies": {
        "@deepseek-ai/cordis": "^4.0.3"
      }
    },
    "node_modules/@deepseek-ai/dsh-invariants": {
      "version": "0.1.7-alpha.1",
      "resolved": "https://registry.npmjs.org/@deepseek-ai/dsh-invariants/-/dsh-invariants-0.1.7-alpha.1.tgz",
      "integrity": "sha512-2mC1uyCYbm5dqrGws2BvnI8dwKeeLTulIfJbaXuqmCBghrhGjscU2Nfof/Z9TO6NfIfVZRFhVOI43cYmLKc6Fw==",
      "license": "MIT",
      "peer": true,
      "dependencies": {
        "@deepseek-ai/schemastery": "^3.18.3"
      },
      "peerDependencies": {
        "@deepseek-ai/cordis": "^4.0.3"
      }
    },
    "node_modules/@deepseek-ai/dsh-llm": {
      "version": "0.1.7-alpha.1",
      "resolved": "https://registry.npmjs.org/@deepseek-ai/dsh-llm/-/dsh-llm-0.1.7-alpha.1.tgz",
      "integrity": "sha512-DajyYU+BZqTEpfQCb21ymCqA7DBlbfcm9nguoFjY14nZ6GLdLh+ae4Nl42Nz189kVS2siu7TcDZKVy47Nub9Ag==",
      "license": "MIT",
      "peer": true,
      "dependencies": {
        "@deepseek-ai/dsh-brand": "^0.1.7-alpha.1",
        "@deepseek-ai/dsh-timeout": "^0.1.7-alpha.1",
        "@deepseek-ai/dsh-typert-protocol": "^0.1.7-alpha.1",
        "@deepseek-ai/dsh-util-crypto": "^0.1.7-alpha.1",
        "@deepseek-ai/dsh-util-values": "^0.1.7-alpha.1",
        "@deepseek-ai/schemastery": "^3.18.3",
        "zod": "^4.4.3"
      },
      "peerDependencies": {
        "@deepseek-ai/cordis": "^4.0.3"
      }
    },
    "node_modules/@deepseek-ai/dsh-ptc-runtime": {
      "version": "0.1.7-alpha.1",
      "resolved": "https://registry.npmjs.org/@deepseek-ai/dsh-ptc-runtime/-/dsh-ptc-runtime-0.1.7-alpha.1.tgz",
      "integrity": "sha512-oHMYhO3TK29eP0PEMeqcveFf9/P3SlG+pzJh6rTrJeSOlFEY61sCfocqXwNeDvsTQItFz2w9bsoyVOng5MwhQg==",
      "license": "MIT",
      "peer": true,
      "peerDependencies": {
        "@deepseek-ai/cordis": "^4.0.3",
        "@deepseek-ai/dsh-sandbox": "^0.1.7-alpha.1"
      }
    },
    "node_modules/@deepseek-ai/dsh-sandbox": {
      "version": "0.1.7-alpha.1",
      "resolved": "https://registry.npmjs.org/@deepseek-ai/dsh-sandbox/-/dsh-sandbox-0.1.7-alpha.1.tgz",
      "integrity": "sha512-AFYx8YK3m7zUAh/Dp/UhTA2hfFfOpVLcII0kePTIFRG7IadM+vDNAYDPKgHO+2LcnXOxCLJ7CZ/hNogNXcWlqw==",
      "license": "MIT",
      "peer": true,
      "dependencies": {
        "@deepseek-ai/dsh-util-values": "^0.1.7-alpha.1"
      },
      "peerDependencies": {
        "@deepseek-ai/cordis": "^4.0.3",
        "@deepseek-ai/dsh-llm": "^0.1.7-alpha.1",
        "@deepseek-ai/dsh-session": "^0.1.7-alpha.1"
      }
    },
    "node_modules/@deepseek-ai/dsh-sandbox-policy": {
      "version": "0.1.7-alpha.1",
      "resolved": "https://registry.npmjs.org/@deepseek-ai/dsh-sandbox-policy/-/dsh-sandbox-policy-0.1.7-alpha.1.tgz",
      "integrity": "sha512-ch/kZPQ8I1vqVGQqUCCjRNdOSlPEZfgsVJOE3TwW57UyWlZi1bqtxP0YPiUjd+PgvEineTj89CU03Hc2GkgAsA==",
      "license": "MIT",
      "peer": true,
      "dependencies": {
        "@deepseek-ai/schemastery": "^3.18.3",
        "zod": "^4.4.3"
      },
      "peerDependencies": {
        "@deepseek-ai/cordis": "^4.0.3",
        "@deepseek-ai/dsh-agent": "^0.1.7-alpha.1",
        "@deepseek-ai/dsh-invariants": "^0.1.7-alpha.1",
        "@deepseek-ai/dsh-sandbox": "^0.1.7-alpha.1",
        "@deepseek-ai/dsh-session": "^0.1.7-alpha.1",
        "@deepseek-ai/dsh-session-projection": "^0.1.7-alpha.1",
        "@deepseek-ai/dsh-system-prompt": "^0.1.7-alpha.1"
      }
    },
    "node_modules/@deepseek-ai/dsh-scope": {
      "version": "0.1.7-alpha.1",
      "resolved": "https://registry.npmjs.org/@deepseek-ai/dsh-scope/-/dsh-scope-0.1.7-alpha.1.tgz",
      "integrity": "sha512-k5NRzlFKnAddKOSwOpS3H9KAR9iugn6qmfwqzo1PIHGjjpGJOl8ywSoRct20ZbIcUBIusnfr7r79prRWFu4i5Q==",
      "license": "MIT",
      "peer": true,
      "peerDependencies": {
        "@deepseek-ai/cordis": "^4.0.3",
        "@deepseek-ai/dsh-invariants": "^0.1.7-alpha.1"
      }
    },
    "node_modules/@deepseek-ai/dsh-session": {
      "version": "0.1.7-alpha.1",
      "resolved": "https://registry.npmjs.org/@deepseek-ai/dsh-session/-/dsh-session-0.1.7-alpha.1.tgz",
      "integrity": "sha512-dUd/fUj8wign5ZuniGfr5VqMWZqFPwhc0IImapToE2NDZB/Hl0JVXtg/lS5aYoFfgxwEeIWEDjVO3UJBClQa9A==",
      "license": "MIT",
      "peer": true,
      "dependencies": {
        "@deepseek-ai/dsh-brand": "^0.1.7-alpha.1",
        "@deepseek-ai/dsh-llm": "^0.1.7-alpha.1",
        "@deepseek-ai/dsh-util-values": "^0.1.7-alpha.1"
      },
      "peerDependencies": {
        "@deepseek-ai/cordis": "^4.0.3",
        "@deepseek-ai/dsh-scope": "^0.1.7-alpha.1"
      }
    },
    "node_modules/@deepseek-ai/dsh-session-projection": {
      "version": "0.1.7-alpha.1",
      "resolved": "https://registry.npmjs.org/@deepseek-ai/dsh-session-projection/-/dsh-session-projection-0.1.7-alpha.1.tgz",
      "integrity": "sha512-MObqgvR+sFojVNeDClo1lbpCwLGx6YSbjx9LPbLFfIwpScfAB++0931cmnopB6bJb8VTgykxeQ2vLWUJpU6DIg==",
      "license": "MIT",
      "peer": true,
      "dependencies": {
        "zod": "^4.4.3"
      },
      "peerDependencies": {
        "@deepseek-ai/cordis": "^4.0.3",
        "@deepseek-ai/dsh-session": "^0.1.7-alpha.1"
      }
    },
    "node_modules/@deepseek-ai/dsh-system-prompt": {
      "version": "0.1.7-alpha.1",
      "resolved": "https://registry.npmjs.org/@deepseek-ai/dsh-system-prompt/-/dsh-system-prompt-0.1.7-alpha.1.tgz",
      "integrity": "sha512-eDRfgbDtLV0pEgCKzElaHV6c9P+OJAwBPJK3n+RzrU9ibEtD4WyfxcrzvS9Kw3Q4wRsYULYDZNEWVw8ZGQeazw==",
      "license": "MIT",
      "peer": true,
      "dependencies": {
        "@deepseek-ai/schemastery": "^3.18.3"
      },
      "peerDependencies": {
        "@deepseek-ai/cordis": "^4.0.3",
        "@deepseek-ai/dsh-invariants": "^0.1.7-alpha.1",
        "@deepseek-ai/dsh-llm": "^0.1.7-alpha.1",
        "@deepseek-ai/dsh-scope": "^0.1.7-alpha.1"
      }
    },
    "node_modules/@deepseek-ai/dsh-timeout": {
      "version": "0.1.7-alpha.1",
      "resolved": "https://registry.npmjs.org/@deepseek-ai/dsh-timeout/-/dsh-timeout-0.1.7-alpha.1.tgz",
      "integrity": "sha512-eadqFmn+C2hpVl76mdzyL09XQ/y+1kCeDOyp5fSVkEZ3VDiAxmC9KLsv6xES56W2FznxubadTdR/jrCn7s/AuQ==",
      "license": "MIT",
      "peer": true,
      "peerDependencies": {
        "@deepseek-ai/cordis": "^4.0.3"
      }
    },
    "node_modules/@deepseek-ai/dsh-tools": {
      "version": "0.1.7-alpha.1",
      "resolved": "https://registry.npmjs.org/@deepseek-ai/dsh-tools/-/dsh-tools-0.1.7-alpha.1.tgz",
      "integrity": "sha512-Ae/dRc4C9pqk1IOeRwLxlzsS1gogqLiG2meCVyzwbTTOptCBXPxGhdL2/vSvAOHqJx/czR4BkSoR6XevPUux3g==",
      "license": "MIT",
      "peer": true,
      "dependencies": {
        "@deepseek-ai/dsh-brand": "^0.1.7-alpha.1",
        "@deepseek-ai/dsh-util-values": "^0.1.7-alpha.1",
        "@deepseek-ai/schemastery": "^3.18.3"
      },
      "peerDependencies": {
        "@deepseek-ai/cordis": "^4.0.3",
        "@deepseek-ai/dsh-agent": "^0.1.7-alpha.1",
        "@deepseek-ai/dsh-invariants": "^0.1.7-alpha.1",
        "@deepseek-ai/dsh-llm": "^0.1.7-alpha.1",
        "@deepseek-ai/dsh-ptc-runtime": "^0.1.7-alpha.1",
        "@deepseek-ai/dsh-sandbox": "^0.1.7-alpha.1",
        "@deepseek-ai/dsh-sandbox-policy": "^0.1.7-alpha.1",
        "@deepseek-ai/dsh-scope": "^0.1.7-alpha.1",
        "@deepseek-ai/dsh-session": "^0.1.7-alpha.1",
        "@deepseek-ai/dsh-system-prompt": "^0.1.7-alpha.1",
        "@deepseek-ai/dsh-user-approval": "^0.1.7-alpha.1"
      }
    },
    "node_modules/@deepseek-ai/dsh-typert-protocol": {
      "version": "0.1.7-alpha.1",
      "resolved": "https://registry.npmjs.org/@deepseek-ai/dsh-typert-protocol/-/dsh-typert-protocol-0.1.7-alpha.1.tgz",
      "integrity": "sha512-Qk4SQFqx6QAlPCpuEYaHa8DYr//uLNYxhO99kgSQopeN3pwR3Q/IOY1TfXq4m2bS7QG/VS+pXWcBX7qmcOwXmg==",
      "license": "MIT",
      "peer": true,
      "dependencies": {
        "@deepseek-ai/dsh-brand": "^0.1.7-alpha.1"
      },
      "peerDependencies": {
        "@deepseek-ai/cordis": "^4.0.3"
      }
    },
    "node_modules/@deepseek-ai/dsh-user-approval": {
      "version": "0.1.7-alpha.1",
      "resolved": "https://registry.npmjs.org/@deepseek-ai/dsh-user-approval/-/dsh-user-approval-0.1.7-alpha.1.tgz",
      "integrity": "sha512-eIAJrpMZkm+zcSiZ/cnwOGIf3AhFeZqVlrYesG9hzpVKuV3Sx+A4GhRkczX2M56GJma6x/rKUuAmS5rgfyttlA==",
      "license": "MIT",
      "peer": true,
      "dependencies": {
        "@deepseek-ai/schemastery": "^3.18.3"
      },
      "peerDependencies": {
        "@deepseek-ai/cordis": "^4.0.3",
        "@deepseek-ai/dsh-agent": "^0.1.7-alpha.1",
        "@deepseek-ai/dsh-brand": "^0.1.7-alpha.1",
        "@deepseek-ai/dsh-invariants": "^0.1.7-alpha.1",
        "@deepseek-ai/dsh-llm": "^0.1.7-alpha.1",
        "@deepseek-ai/dsh-scope": "^0.1.7-alpha.1",
        "@deepseek-ai/dsh-session": "^0.1.7-alpha.1",
        "@deepseek-ai/dsh-system-prompt": "^0.1.7-alpha.1"
      }
    },
    "node_modules/@deepseek-ai/dsh-util-crypto": {
      "version": "0.1.7-alpha.1",
      "resolved": "https://registry.npmjs.org/@deepseek-ai/dsh-util-crypto/-/dsh-util-crypto-0.1.7-alpha.1.tgz",
      "integrity": "sha512-Mgh333fdJddda6E75ItLr9607jKzWpCmg4r/Ewcr380Xh5DXqsruQJLtfHpCE/8tm1e1p1E3z1Z76EOrYRfGEg==",
      "license": "MIT",
      "peer": true,
      "peerDependencies": {
        "@deepseek-ai/cordis": "^4.0.3"
      }
    },
    "node_modules/@deepseek-ai/dsh-util-values": {
      "version": "0.1.7-alpha.1",
      "resolved": "https://registry.npmjs.org/@deepseek-ai/dsh-util-values/-/dsh-util-values-0.1.7-alpha.1.tgz",
      "integrity": "sha512-/jTTlIEgqt2SG2yX3vXDBXN5eJ36XMaGiFTeXjkwmFRdqxnjh0IOHS2DCTtHmxPL+8VhgvNNmfnNzU84K4lNeQ==",
      "license": "MIT",
      "peer": true,
      "peerDependencies": {
        "@deepseek-ai/cordis": "^4.0.3"
      }
    },
    "node_modules/@deepseek-ai/schemastery": {
      "version": "3.18.3",
      "resolved": "https://registry.npmjs.org/@deepseek-ai/schemastery/-/schemastery-3.18.3.tgz",
      "integrity": "sha512-plZIZADuGLT/3PoYmUaEDZd0vG1rVahU89MevnxXsyQhFEi2D6DUuTJel7FUb3cUM9aCzqGMN99sHJe1RIushA==",
      "license": "MIT",
      "peer": true,
      "dependencies": {
        "@deepseek-ai/cosmokit": "^1.8.4",
        "@standard-schema/spec": "^1.1.0"
      }
    },
    "node_modules/@standard-schema/spec": {
      "version": "1.1.0",
      "resolved": "https://registry.npmjs.org/@standard-schema/spec/-/spec-1.1.0.tgz",
      "integrity": "sha512-l2aFy5jALhniG5HgqrD6jXLi/rUWrKvqN/qJx6yoJsgKhblVd+iqqU4RCXavm/jPityDo5TCvKMnpjKnOriy0w==",
      "license": "MIT",
      "peer": true
    },
    "node_modules/zod": {
      "version": "4.6.5",
      "resolved": "https://registry.npmjs.org/zod/-/zod-4.6.5.tgz",
      "integrity": "sha512-v5l/aFXZQeai4awLbOpSoHecE9UiMrnfx75tEXLjNonXVARxQ5mOeipTjROUchszUNCqnE+hqAMujRsRHsut2Q==",
      "license": "MIT",
      "peer": true,
      "funding": {
        "url": "https://github.com/sponsors/colinhacks"
      }
    }
  }
}
